
Microsoft Visual Studio Solution File, Format Version 12.00
# Visual Studio Version 17
VisualStudioVersion = 17.11.35312.102
MinimumVisualStudioVersion = 10.0.40219.1
Project("{2150E333-8FDC-42A3-9474-1A3956D46DE8}") = "Services", "Services", "{3336E3F2-64BB-4735-B545-2E81668A8825}"
EndProject
Project("{2150E333-8FDC-42A3-9474-1A3956D46DE8}") = "Catalog", "Catalog", "{A43F0FB3-7832-4D83-A7E4-126BB7E5F0C8}"
EndProject
Project("{9A19103F-16F7-4668-BE54-9A1E7A4F7556}") = "Catalog.API", "Services\Catalog\Catalog.API\Catalog.API.csproj", "{88DE25D5-740F-44CE-A2A2-F6E2354E9533}"
EndProject
Project("{2150E333-8FDC-42A3-9474-1A3956D46DE8}") = "BuildingBlocks", "BuildingBlocks", "{0EAECB31-7CC4-40CD-A50D-D6B4913CBFB4}"
EndProject
Project("{9A19103F-16F7-4668-BE54-9A1E7A4F7556}") = "BuildingBlocks", "BuildingBlocks\BuildingBlocks\BuildingBlocks.csproj", "{B8B45189-B8C6-4B9C-853F-2981FF1B62B6}"
EndProject
Project("{E53339B2-1760-4266-BCC7-CA923CBCF16C}") = "docker-compose", "docker-compose.dcproj", "{90E5AB64-2CDF-4B15-AC02-31C8FCF60B79}"
EndProject
Project("{2150E333-8FDC-42A3-9474-1A3956D46DE8}") = "Basket", "Basket", "{3DA65A4D-DD01-48BD-B921-279A43455F32}"
EndProject
Project("{9A19103F-16F7-4668-BE54-9A1E7A4F7556}") = "Basket.API", "Services\Basket\Basket.API\Basket.API.csproj", "{1F8D4B51-517B-4D0E-93D4-D0FCE6DCD627}"
EndProject
Project("{2150E333-8FDC-42A3-9474-1A3956D46DE8}") = "DisCount", "DisCount", "{F8CC940D-3B2E-484D-932F-E306C0946842}"
EndProject
Project("{9A19103F-16F7-4668-BE54-9A1E7A4F7556}") = "Discount.Grpc", "Services\Discount\Discount.Grpc\Discount.Grpc.csproj", "{D4DCA4BC-B8E6-4AAA-AAC0-3D0E6F1299E7}"
EndProject
Project("{2150E333-8FDC-42A3-9474-1A3956D46DE8}") = "Ordering", "Ordering", "{ADD90479-930D-411A-9E4D-25FE964B35DD}"
EndProject
Project("{9A19103F-16F7-4668-BE54-9A1E7A4F7556}") = "Ordering.API", "Services\Ordering\Ordering.API\Ordering.API.csproj", "{B2A8F545-6FDE-4116-BEF0-616BA6C0124E}"
EndProject
Project("{FAE04EC0-301F-11D3-BF4B-00C04F79EFBC}") = "Ordering.Domain", "Services\Ordering\Ordering.Domain\Ordering.Domain.csproj", "{2DEABD8A-06A5-46A7-B72D-205FAF380127}"
EndProject
Project("{FAE04EC0-301F-11D3-BF4B-00C04F79EFBC}") = "Ordering.Application", "Services\Ordering\Ordering.Application\Ordering.Application.csproj", "{9D8B7319-59F9-4A75-BCFA-3F388C7FEC81}"
EndProject
Project("{FAE04EC0-301F-11D3-BF4B-00C04F79EFBC}") = "Ordering.Infrastructure", "..\Ordering.Infrastructure\Ordering.Infrastructure.csproj", "{9E07163F-F66E-4D6B-BA1D-BBA97C65E434}"
EndProject
Global
	GlobalSection(SolutionConfigurationPlatforms) = preSolution
		Debug|Any CPU = Debug|Any CPU
		Release|Any CPU = Release|Any CPU
	EndGlobalSection
	GlobalSection(ProjectConfigurationPlatforms) = postSolution
		{88DE25D5-740F-44CE-A2A2-F6E2354E9533}.Debug|Any CPU.ActiveCfg = Debug|Any CPU
		{88DE25D5-740F-44CE-A2A2-F6E2354E9533}.Debug|Any CPU.Build.0 = Debug|Any CPU
		{88DE25D5-740F-44CE-A2A2-F6E2354E9533}.Release|Any CPU.ActiveCfg = Release|Any CPU
		{88DE25D5-740F-44CE-A2A2-F6E2354E9533}.Release|Any CPU.Build.0 = Release|Any CPU
		{B8B45189-B8C6-4B9C-853F-2981FF1B62B6}.Debug|Any CPU.ActiveCfg = Debug|Any CPU
		{B8B45189-B8C6-4B9C-853F-2981FF1B62B6}.Debug|Any CPU.Build.0 = Debug|Any CPU
		{B8B45189-B8C6-4B9C-853F-2981FF1B62B6}.Release|Any CPU.ActiveCfg = Release|Any CPU
		{B8B45189-B8C6-4B9C-853F-2981FF1B62B6}.Release|Any CPU.Build.0 = Release|Any CPU
		{90E5AB64-2CDF-4B15-AC02-31C8FCF60B79}.Debug|Any CPU.ActiveCfg = Debug|Any CPU
		{90E5AB64-2CDF-4B15-AC02-31C8FCF60B79}.Debug|Any CPU.Build.0 = Debug|Any CPU
		{90E5AB64-2CDF-4B15-AC02-31C8FCF60B79}.Release|Any CPU.ActiveCfg = Release|Any CPU
		{90E5AB64-2CDF-4B15-AC02-31C8FCF60B79}.Release|Any CPU.Build.0 = Release|Any CPU
		{1F8D4B51-517B-4D0E-93D4-D0FCE6DCD627}.Debug|Any CPU.ActiveCfg = Debug|Any CPU
		{1F8D4B51-517B-4D0E-93D4-D0FCE6DCD627}.Debug|Any CPU.Build.0 = Debug|Any CPU
		{1F8D4B51-517B-4D0E-93D4-D0FCE6DCD627}.Release|Any CPU.ActiveCfg = Release|Any CPU
		{1F8D4B51-517B-4D0E-93D4-D0FCE6DCD627}.Release|Any CPU.Build.0 = Release|Any CPU
		{D4DCA4BC-B8E6-4AAA-AAC0-3D0E6F1299E7}.Debug|Any CPU.ActiveCfg = Debug|Any CPU
		{D4DCA4BC-B8E6-4AAA-AAC0-3D0E6F1299E7}.Debug|Any CPU.Build.0 = Debug|Any CPU
		{D4DCA4BC-B8E6-4AAA-AAC0-3D0E6F1299E7}.Release|Any CPU.ActiveCfg = Release|Any CPU
		{D4DCA4BC-B8E6-4AAA-AAC0-3D0E6F1299E7}.Release|Any CPU.Build.0 = Release|Any CPU
		{B2A8F545-6FDE-4116-BEF0-616BA6C0124E}.Debug|Any CPU.ActiveCfg = Debug|Any CPU
		{B2A8F545-6FDE-4116-BEF0-616BA6C0124E}.Debug|Any CPU.Build.0 = Debug|Any CPU
		{B2A8F545-6FDE-4116-BEF0-616BA6C0124E}.Release|Any CPU.ActiveCfg = Release|Any CPU
		{B2A8F545-6FDE-4116-BEF0-616BA6C0124E}.Release|Any CPU.Build.0 = Release|Any CPU
		{2DEABD8A-06A5-46A7-B72D-205FAF380127}.Debug|Any CPU.ActiveCfg = Debug|Any CPU
		{2DEABD8A-06A5-46A7-B72D-205FAF380127}.Debug|Any CPU.Build.0 = Debug|Any CPU
		{2DEABD8A-06A5-46A7-B72D-205FAF380127}.Release|Any CPU.ActiveCfg = Release|Any CPU
		{2DEABD8A-06A5-46A7-B72D-205FAF380127}.Release|Any CPU.Build.0 = Release|Any CPU
		{9D8B7319-59F9-4A75-BCFA-3F388C7FEC81}.Debug|Any CPU.ActiveCfg = Debug|Any CPU
		{9D8B7319-59F9-4A75-BCFA-3F388C7FEC81}.Debug|Any CPU.Build.0 = Debug|Any CPU
		{9D8B7319-59F9-4A75-BCFA-3F388C7FEC81}.Release|Any CPU.ActiveCfg = Release|Any CPU
		{9D8B7319-59F9-4A75-BCFA-3F388C7FEC81}.Release|Any CPU.Build.0 = Release|Any CPU
		{9E07163F-F66E-4D6B-BA1D-BBA97C65E434}.Debug|Any CPU.ActiveCfg = Debug|Any CPU
		{9E07163F-F66E-4D6B-BA1D-BBA97C65E434}.Debug|Any CPU.Build.0 = Debug|Any CPU
		{9E07163F-F66E-4D6B-BA1D-BBA97C65E434}.Release|Any CPU.ActiveCfg = Release|Any CPU
		{9E07163F-F66E-4D6B-BA1D-BBA97C65E434}.Release|Any CPU.Build.0 = Release|Any CPU
	EndGlobalSection
	GlobalSection(SolutionProperties) = preSolution
		HideSolutionNode = FALSE
	EndGlobalSection
	GlobalSection(NestedProjects) = preSolution
		{A43F0FB3-7832-4D83-A7E4-126BB7E5F0C8} = {3336E3F2-64BB-4735-B545-2E81668A8825}
		{88DE25D5-740F-44CE-A2A2-F6E2354E9533} = {A43F0FB3-7832-4D83-A7E4-126BB7E5F0C8}
		{B8B45189-B8C6-4B9C-853F-2981FF1B62B6} = {0EAECB31-7CC4-40CD-A50D-D6B4913CBFB4}
		{3DA65A4D-DD01-48BD-B921-279A43455F32} = {3336E3F2-64BB-4735-B545-2E81668A8825}
		{1F8D4B51-517B-4D0E-93D4-D0FCE6DCD627} = {3DA65A4D-DD01-48BD-B921-279A43455F32}
		{F8CC940D-3B2E-484D-932F-E306C0946842} = {3336E3F2-64BB-4735-B545-2E81668A8825}
		{D4DCA4BC-B8E6-4AAA-AAC0-3D0E6F1299E7} = {F8CC940D-3B2E-484D-932F-E306C0946842}
		{ADD90479-930D-411A-9E4D-25FE964B35DD} = {3336E3F2-64BB-4735-B545-2E81668A8825}
		{B2A8F545-6FDE-4116-BEF0-616BA6C0124E} = {ADD90479-930D-411A-9E4D-25FE964B35DD}
		{2DEABD8A-06A5-46A7-B72D-205FAF380127} = {ADD90479-930D-411A-9E4D-25FE964B35DD}
		{9D8B7319-59F9-4A75-BCFA-3F388C7FEC81} = {ADD90479-930D-411A-9E4D-25FE964B35DD}
		{9E07163F-F66E-4D6B-BA1D-BBA97C65E434} = {ADD90479-930D-411A-9E4D-25FE964B35DD}
	EndGlobalSection
	GlobalSection(ExtensibilityGlobals) = postSolution
		SolutionGuid = {D4B010FC-D479-4DE9-BC0D-20BD713EF9BD}
	EndGlobalSection
EndGlobal
